{
  "name": "tsproject",
  "version": "0.1.0",
  "lockfileVersion": 2,
  "requires": true,
  "packages": {
    "": {
      "name": "tsproject",
      "version": "0.1.0",
      "dependencies": {
        "@fstnetwork/loc-logic-sdk": "^0.6.2",
        "tslib": "^2.3.1"
      }
    },
    "node_modules/@fstnetwork/loc-logic-sdk": {
      "version": "0.6.2",
      "resolved": "https://registry.npmjs.org/@fstnetwork/loc-logic-sdk/-/loc-logic-sdk-0.6.2.tgz",
      "integrity": "sha512-3R/kt/YkIxmakTMr3oUapxvprtl1xY77+/pxYk/ciMk9E345MMIx++447EUyodU8JfEWz0atqRbeBYYrfVmacg==",
      "dependencies": {
        "@fstnetwork/logic": "0.6.2",
        "@fstnetwork/runtime": "0.6.2"
      }
    },
    "node_modules/@fstnetwork/logic": {
      "version": "0.6.2",
      "resolved": "https://registry.npmjs.org/@fstnetwork/logic/-/logic-0.6.2.tgz",
      "integrity": "sha512-iUSrx71SuuAuRHtuwqguxaxL37spH8aLQe2HQPMBwiDqRgaNPjAFM4CCMVsWvXYhPUFLKxJdXk5ccEAbhAlTLw==",
      "dependencies": {
        "@fstnetwork/runtime": "0.6.2"
      }
    },
    "node_modules/@fstnetwork/runtime": {
      "version": "0.6.2",
      "resolved": "https://registry.npmjs.org/@fstnetwork/runtime/-/runtime-0.6.2.tgz",
      "integrity": "sha512-VDQZX+cxJ9xJMQksXwcgSFQ5pIEAVa+MnKyRMQz27Uan50y356d9uQAJSipBd7UR54IRYtMUVe3HE2RXoFP4BQ=="
    },
    "node_modules/tslib": {
      "version": "2.4.0",
      "resolved": "https://registry.npmjs.org/tslib/-/tslib-2.4.0.tgz",
      "integrity": "sha512-d6xOpEDfsi2CZVlPQzGeux8XMwLT9hssAsaPYExaQMuYskwb+x1x7J371tWlbBdWHroy99KnVB6qIkUbs5X3UQ=="
    }
  },
  "dependencies": {
    "@fstnetwork/loc-logic-sdk": {
      "version": "0.6.2",
      "resolved": "https://registry.npmjs.org/@fstnetwork/loc-logic-sdk/-/loc-logic-sdk-0.6.2.tgz",
      "integrity": "sha512-3R/kt/YkIxmakTMr3oUapxvprtl1xY77+/pxYk/ciMk9E345MMIx++447EUyodU8JfEWz0atqRbeBYYrfVmacg==",
      "requires": {
        "@fstnetwork/logic": "0.6.2",
        "@fstnetwork/runtime": "0.6.2"
      }
    },
    "@fstnetwork/logic": {
      "version": "0.6.2",
      "resolved": "https://registry.npmjs.org/@fstnetwork/logic/-/logic-0.6.2.tgz",
      "integrity": "sha512-iUSrx71SuuAuRHtuwqguxaxL37spH8aLQe2HQPMBwiDqRgaNPjAFM4CCMVsWvXYhPUFLKxJdXk5ccEAbhAlTLw==",
      "requires": {
        "@fstnetwork/runtime": "0.6.2"
      }
    },
    "@fstnetwork/runtime": {
      "version": "0.6.2",
      "resolved": "https://registry.npmjs.org/@fstnetwork/runtime/-/runtime-0.6.2.tgz",
      "integrity": "sha512-VDQZX+cxJ9xJMQksXwcgSFQ5pIEAVa+MnKyRMQz27Uan50y356d9uQAJSipBd7UR54IRYtMUVe3HE2RXoFP4BQ=="
    },
    "tslib": {
      "version": "2.4.0",
      "resolved": "https://registry.npmjs.org/tslib/-/tslib-2.4.0.tgz",
      "integrity": "sha512-d6xOpEDfsi2CZVlPQzGeux8XMwLT9hssAsaPYExaQMuYskwb+x1x7J371tWlbBdWHroy99KnVB6qIkUbs5X3UQ=="
    }
  }
}
